
Microsoft Visual Studio Solution File, Format Version 12.00
# Visual Studio 2012
Project("{FAE04EC0-301F-11D3-BF4B-00C04F79EFBC}") = "ManagerConsole", "ManagerConsole\ManagerConsole.csproj", "{F5C40A2B-77D4-4E07-BACF-CF123D2B890C}"
	ProjectSection(ProjectDependencies) = postProject
		{8349504E-47AD-4257-9534-1F7D4A1E9942} = {8349504E-47AD-4257-9534-1F7D4A1E9942}
		{2F9155A4-64A1-49F3-AB4B-43F3EA4498BB} = {2F9155A4-64A1-49F3-AB4B-43F3EA4498BB}
	EndProjectSection
EndProject
Project("{FAE04EC0-301F-11D3-BF4B-00C04F79EFBC}") = "ManagerService", "ManagerService\ManagerService.csproj", "{40393775-FDC3-4433-A144-8D248F855E91}"
EndProject
Project("{FAE04EC0-301F-11D3-BF4B-00C04F79EFBC}") = "RiskManage", "RiskManager\RiskManage.csproj", "{36437EB2-CECB-4DC1-B112-19F7B090C4D9}"
EndProject
Project("{FAE04EC0-301F-11D3-BF4B-00C04F79EFBC}") = "Manager.Common", "Manager.Common\Manager.Common.csproj", "{FD64B9C0-DA18-46F7-8EF7-AFB6B66CE932}"
EndProject
Project("{FAE04EC0-301F-11D3-BF4B-00C04F79EFBC}") = "TestConsole", "StateServerMock\TestConsole.csproj", "{C233E250-4A8A-43DA-9FE6-F92F51FDD404}"
EndProject
Project("{FAE04EC0-301F-11D3-BF4B-00C04F79EFBC}") = "Manager.UnitTest", "Manager.UnitTest\Manager.UnitTest.csproj", "{BE40A354-B6E8-4B9B-B9EB-383D21FE3D17}"
EndProject
Project("{2150E333-8FDC-42A3-9474-1A3956D46DE8}") = "Solution Items", "Solution Items", "{D5FACE52-41EB-48BE-B4E9-A5DF912F5486}"
	ProjectSection(SolutionItems) = preProject
		Local.testsettings = Local.testsettings
		Manager.vsmdi = Manager.vsmdi
		TraceAndTestImpact.testsettings = TraceAndTestImpact.testsettings
	EndProjectSection
EndProject
Project("{FAE04EC0-301F-11D3-BF4B-00C04F79EFBC}") = "ManagerConsole.Chart", "ManagerConsole.Chart\ManagerConsole.Chart.csproj", "{8349504E-47AD-4257-9534-1F7D4A1E9942}"
EndProject
Project("{FAE04EC0-301F-11D3-BF4B-00C04F79EFBC}") = "ManagerConsole.Chart.Web", "ManagerConsole.Chart.Web\ManagerConsole.Chart.Web.csproj", "{2F9155A4-64A1-49F3-AB4B-43F3EA4498BB}"
EndProject
Global
	GlobalSection(TeamFoundationVersionControl) = preSolution
		SccNumberOfProjects = 9
		SccEnterpriseProvider = {4CA58AB2-18FA-4F8D-95D4-32DDF27D184C}
		SccTeamFoundationServer = http://teamserver2:8080/tfs/iexchangecollection
		SccLocalPath0 = .
		SccProjectUniqueName1 = Manager.Common\\Manager.Common.csproj
		SccProjectName1 = Manager.Common
		SccLocalPath1 = Manager.Common
		SccProjectUniqueName2 = ManagerConsole\\ManagerConsole.csproj
		SccProjectName2 = ManagerConsole
		SccLocalPath2 = ManagerConsole
		SccProjectUniqueName3 = ManagerService\\ManagerService.csproj
		SccProjectName3 = ManagerService
		SccLocalPath3 = ManagerService
		SccProjectUniqueName4 = RiskManager\\RiskManage.csproj
		SccProjectName4 = RiskManager
		SccLocalPath4 = RiskManager
		SccProjectUniqueName5 = Manager.UnitTest\\Manager.UnitTest.csproj
		SccProjectName5 = Manager.UnitTest
		SccLocalPath5 = Manager.UnitTest
		SccProjectUniqueName6 = ManagerConsole.Chart\\ManagerConsole.Chart.csproj
		SccProjectName6 = ManagerConsole.Chart
		SccLocalPath6 = ManagerConsole.Chart
		SccProjectUniqueName7 = ManagerConsole.Chart.Web\\ManagerConsole.Chart.Web.csproj
		SccProjectName7 = ManagerConsole.Chart.Web
		SccLocalPath7 = ManagerConsole.Chart.Web
		SccProjectUniqueName8 = StateServerMock\\TestConsole.csproj
		SccProjectName8 = StateServerMock
		SccLocalPath8 = StateServerMock
	EndGlobalSection
	GlobalSection(TestCaseManagementSettings) = postSolution
		CategoryFile = Manager.vsmdi
	EndGlobalSection
	GlobalSection(SolutionConfigurationPlatforms) = preSolution
		Debug|Any CPU = Debug|Any CPU
		Debug|Mixed Platforms = Debug|Mixed Platforms
		Debug|x86 = Debug|x86
		Release|Any CPU = Release|Any CPU
		Release|Mixed Platforms = Release|Mixed Platforms
		Release|x86 = Release|x86
	EndGlobalSection
	GlobalSection(ProjectConfigurationPlatforms) = postSolution
		{F5C40A2B-77D4-4E07-BACF-CF123D2B890C}.Debug|Any CPU.ActiveCfg = Debug|x86
		{F5C40A2B-77D4-4E07-BACF-CF123D2B890C}.Debug|Mixed Platforms.ActiveCfg = Debug|x86
		{F5C40A2B-77D4-4E07-BACF-CF123D2B890C}.Debug|Mixed Platforms.Build.0 = Debug|x86
		{F5C40A2B-77D4-4E07-BACF-CF123D2B890C}.Debug|x86.ActiveCfg = Debug|x86
		{F5C40A2B-77D4-4E07-BACF-CF123D2B890C}.Debug|x86.Build.0 = Debug|x86
		{F5C40A2B-77D4-4E07-BACF-CF123D2B890C}.Release|Any CPU.ActiveCfg = Release|x86
		{F5C40A2B-77D4-4E07-BACF-CF123D2B890C}.Release|Mixed Platforms.ActiveCfg = Release|x86
		{F5C40A2B-77D4-4E07-BACF-CF123D2B890C}.Release|Mixed Platforms.Build.0 = Release|x86
		{F5C40A2B-77D4-4E07-BACF-CF123D2B890C}.Release|x86.ActiveCfg = Release|x86
		{F5C40A2B-77D4-4E07-BACF-CF123D2B890C}.Release|x86.Build.0 = Release|x86
		{40393775-FDC3-4433-A144-8D248F855E91}.Debug|Any CPU.ActiveCfg = Debug|x86
		{40393775-FDC3-4433-A144-8D248F855E91}.Debug|Mixed Platforms.ActiveCfg = Debug|x86
		{40393775-FDC3-4433-A144-8D248F855E91}.Debug|Mixed Platforms.Build.0 = Debug|x86
		{40393775-FDC3-4433-A144-8D248F855E91}.Debug|x86.ActiveCfg = Debug|x86
		{40393775-FDC3-4433-A144-8D248F855E91}.Debug|x86.Build.0 = Debug|x86
		{40393775-FDC3-4433-A144-8D248F855E91}.Release|Any CPU.ActiveCfg = Release|x86
		{40393775-FDC3-4433-A144-8D248F855E91}.Release|Mixed Platforms.ActiveCfg = Release|x86
		{40393775-FDC3-4433-A144-8D248F855E91}.Release|Mixed Platforms.Build.0 = Release|x86
		{40393775-FDC3-4433-A144-8D248F855E91}.Release|x86.ActiveCfg = Release|x86
		{40393775-FDC3-4433-A144-8D248F855E91}.Release|x86.Build.0 = Release|x86
		{36437EB2-CECB-4DC1-B112-19F7B090C4D9}.Debug|Any CPU.ActiveCfg = Debug|Any CPU
		{36437EB2-CECB-4DC1-B112-19F7B090C4D9}.Debug|Any CPU.Build.0 = Debug|Any CPU
		{36437EB2-CECB-4DC1-B112-19F7B090C4D9}.Debug|Mixed Platforms.ActiveCfg = Debug|Any CPU
		{36437EB2-CECB-4DC1-B112-19F7B090C4D9}.Debug|Mixed Platforms.Build.0 = Debug|Any CPU
		{36437EB2-CECB-4DC1-B112-19F7B090C4D9}.Debug|x86.ActiveCfg = Debug|Any CPU
		{36437EB2-CECB-4DC1-B112-19F7B090C4D9}.Release|Any CPU.ActiveCfg = Release|Any CPU
		{36437EB2-CECB-4DC1-B112-19F7B090C4D9}.Release|Any CPU.Build.0 = Release|Any CPU
		{36437EB2-CECB-4DC1-B112-19F7B090C4D9}.Release|Mixed Platforms.ActiveCfg = Release|Any CPU
		{36437EB2-CECB-4DC1-B112-19F7B090C4D9}.Release|Mixed Platforms.Build.0 = Release|Any CPU
		{36437EB2-CECB-4DC1-B112-19F7B090C4D9}.Release|x86.ActiveCfg = Release|Any CPU
		{FD64B9C0-DA18-46F7-8EF7-AFB6B66CE932}.Debug|Any CPU.ActiveCfg = Debug|Any CPU
		{FD64B9C0-DA18-46F7-8EF7-AFB6B66CE932}.Debug|Any CPU.Build.0 = Debug|Any CPU
		{FD64B9C0-DA18-46F7-8EF7-AFB6B66CE932}.Debug|Mixed Platforms.ActiveCfg = Debug|Any CPU
		{FD64B9C0-DA18-46F7-8EF7-AFB6B66CE932}.Debug|Mixed Platforms.Build.0 = Debug|Any CPU
		{FD64B9C0-DA18-46F7-8EF7-AFB6B66CE932}.Debug|x86.ActiveCfg = Debug|Any CPU
		{FD64B9C0-DA18-46F7-8EF7-AFB6B66CE932}.Release|Any CPU.ActiveCfg = Release|Any CPU
		{FD64B9C0-DA18-46F7-8EF7-AFB6B66CE932}.Release|Any CPU.Build.0 = Release|Any CPU
		{FD64B9C0-DA18-46F7-8EF7-AFB6B66CE932}.Release|Mixed Platforms.ActiveCfg = Release|Any CPU
		{FD64B9C0-DA18-46F7-8EF7-AFB6B66CE932}.Release|Mixed Platforms.Build.0 = Release|Any CPU
		{FD64B9C0-DA18-46F7-8EF7-AFB6B66CE932}.Release|x86.ActiveCfg = Release|Any CPU
		{C233E250-4A8A-43DA-9FE6-F92F51FDD404}.Debug|Any CPU.ActiveCfg = Debug|x86
		{C233E250-4A8A-43DA-9FE6-F92F51FDD404}.Debug|Mixed Platforms.ActiveCfg = Debug|x86
		{C233E250-4A8A-43DA-9FE6-F92F51FDD404}.Debug|Mixed Platforms.Build.0 = Debug|x86
		{C233E250-4A8A-43DA-9FE6-F92F51FDD404}.Debug|x86.ActiveCfg = Debug|x86
		{C233E250-4A8A-43DA-9FE6-F92F51FDD404}.Debug|x86.Build.0 = Debug|x86
		{C233E250-4A8A-43DA-9FE6-F92F51FDD404}.Release|Any CPU.ActiveCfg = Release|x86
		{C233E250-4A8A-43DA-9FE6-F92F51FDD404}.Release|Mixed Platforms.ActiveCfg = Release|x86
		{C233E250-4A8A-43DA-9FE6-F92F51FDD404}.Release|Mixed Platforms.Build.0 = Release|x86
		{C233E250-4A8A-43DA-9FE6-F92F51FDD404}.Release|x86.ActiveCfg = Release|x86
		{C233E250-4A8A-43DA-9FE6-F92F51FDD404}.Release|x86.Build.0 = Release|x86
		{BE40A354-B6E8-4B9B-B9EB-383D21FE3D17}.Debug|Any CPU.ActiveCfg = Debug|Any CPU
		{BE40A354-B6E8-4B9B-B9EB-383D21FE3D17}.Debug|Any CPU.Build.0 = Debug|Any CPU
		{BE40A354-B6E8-4B9B-B9EB-383D21FE3D17}.Debug|Mixed Platforms.ActiveCfg = Debug|Any CPU
		{BE40A354-B6E8-4B9B-B9EB-383D21FE3D17}.Debug|Mixed Platforms.Build.0 = Debug|Any CPU
		{BE40A354-B6E8-4B9B-B9EB-383D21FE3D17}.Debug|x86.ActiveCfg = Debug|Any CPU
		{BE40A354-B6E8-4B9B-B9EB-383D21FE3D17}.Release|Any CPU.ActiveCfg = Release|Any CPU
		{BE40A354-B6E8-4B9B-B9EB-383D21FE3D17}.Release|Any CPU.Build.0 = Release|Any CPU
		{BE40A354-B6E8-4B9B-B9EB-383D21FE3D17}.Release|Mixed Platforms.ActiveCfg = Release|Any CPU
		{BE40A354-B6E8-4B9B-B9EB-383D21FE3D17}.Release|Mixed Platforms.Build.0 = Release|Any CPU
		{BE40A354-B6E8-4B9B-B9EB-383D21FE3D17}.Release|x86.ActiveCfg = Release|Any CPU
		{8349504E-47AD-4257-9534-1F7D4A1E9942}.Debug|Any CPU.ActiveCfg = Debug|Any CPU
		{8349504E-47AD-4257-9534-1F7D4A1E9942}.Debug|Any CPU.Build.0 = Debug|Any CPU
		{8349504E-47AD-4257-9534-1F7D4A1E9942}.Debug|Mixed Platforms.ActiveCfg = Debug|Any CPU
		{8349504E-47AD-4257-9534-1F7D4A1E9942}.Debug|Mixed Platforms.Build.0 = Debug|Any CPU
		{8349504E-47AD-4257-9534-1F7D4A1E9942}.Debug|x86.ActiveCfg = Debug|Any CPU
		{8349504E-47AD-4257-9534-1F7D4A1E9942}.Release|Any CPU.ActiveCfg = Release|Any CPU
		{8349504E-47AD-4257-9534-1F7D4A1E9942}.Release|Any CPU.Build.0 = Release|Any CPU
		{8349504E-47AD-4257-9534-1F7D4A1E9942}.Release|Mixed Platforms.ActiveCfg = Release|Any CPU
		{8349504E-47AD-4257-9534-1F7D4A1E9942}.Release|Mixed Platforms.Build.0 = Release|Any CPU
		{8349504E-47AD-4257-9534-1F7D4A1E9942}.Release|x86.ActiveCfg = Release|Any CPU
		{2F9155A4-64A1-49F3-AB4B-43F3EA4498BB}.Debug|Any CPU.ActiveCfg = Debug|Any CPU
		{2F9155A4-64A1-49F3-AB4B-43F3EA4498BB}.Debug|Any CPU.Build.0 = Debug|Any CPU
		{2F9155A4-64A1-49F3-AB4B-43F3EA4498BB}.Debug|Mixed Platforms.ActiveCfg = Debug|Any CPU
		{2F9155A4-64A1-49F3-AB4B-43F3EA4498BB}.Debug|Mixed Platforms.Build.0 = Debug|Any CPU
		{2F9155A4-64A1-49F3-AB4B-43F3EA4498BB}.Debug|x86.ActiveCfg = Debug|Any CPU
		{2F9155A4-64A1-49F3-AB4B-43F3EA4498BB}.Release|Any CPU.ActiveCfg = Release|Any CPU
		{2F9155A4-64A1-49F3-AB4B-43F3EA4498BB}.Release|Any CPU.Build.0 = Release|Any CPU
		{2F9155A4-64A1-49F3-AB4B-43F3EA4498BB}.Release|Mixed Platforms.ActiveCfg = Release|Any CPU
		{2F9155A4-64A1-49F3-AB4B-43F3EA4498BB}.Release|Mixed Platforms.Build.0 = Release|Any CPU
		{2F9155A4-64A1-49F3-AB4B-43F3EA4498BB}.Release|x86.ActiveCfg = Release|Any CPU
	EndGlobalSection
	GlobalSection(SolutionProperties) = preSolution
		HideSolutionNode = FALSE
	EndGlobalSection
EndGlobal
