
Microsoft Visual Studio Solution File, Format Version 11.00
# Visual Studio 2010
Project("{FAE04EC0-301F-11D3-BF4B-00C04F79EFBC}") = "StateServerMock", "StateServerMock.csproj", "{C233E250-4A8A-43DA-9FE6-F92F51FDD404}"
EndProject
Global
	GlobalSection(TeamFoundationVersionControl) = preSolution
		SccNumberOfProjects = 1
		SccEnterpriseProvider = {4CA58AB2-18FA-4F8D-95D4-32DDF27D184C}
		SccTeamFoundationServer = http://teamserver2:8080/tfs/iexchangecollection
		SccProjectUniqueName0 = StateServerMock.csproj
		SccProjectName0 = .
		SccAuxPath0 = http://teamserver2:8080/tfs/iexchangecollection
		SccLocalPath0 = .
		SccProvider0 = {4CA58AB2-18FA-4F8D-95D4-32DDF27D184C}
	EndGlobalSection
	GlobalSection(SolutionConfigurationPlatforms) = preSolution
		Debug|Any CPU = Debug|Any CPU
		Release|Any CPU = Release|Any CPU
	EndGlobalSection
	GlobalSection(ProjectConfigurationPlatforms) = postSolution
		{C233E250-4A8A-43DA-9FE6-F92F51FDD404}.Debug|Any CPU.ActiveCfg = Debug|Any CPU
		{C233E250-4A8A-43DA-9FE6-F92F51FDD404}.Debug|Any CPU.Build.0 = Debug|Any CPU
		{C233E250-4A8A-43DA-9FE6-F92F51FDD404}.Release|Any CPU.ActiveCfg = Release|Any CPU
		{C233E250-4A8A-43DA-9FE6-F92F51FDD404}.Release|Any CPU.Build.0 = Release|Any CPU
	EndGlobalSection
	GlobalSection(SolutionProperties) = preSolution
		HideSolutionNode = FALSE
	EndGlobalSection
EndGlobal
